
Microsoft Visual Studio Solution File, Format Version 12.00
# Visual Studio 15
VisualStudioVersion = 15.0.27130.2036
MinimumVisualStudioVersion = 10.0.40219.1
Project("{9A19103F-16F7-4668-BE54-9A1E7A4F7556}") = "Dime.Caching", "core\Dime.Caching\Dime.Caching.csproj", "{E1C7C164-52CD-4794-B512-D98ACFD7941E}"
EndProject
Project("{FAE04EC0-301F-11D3-BF4B-00C04F79EFBC}") = "Dime.Caching.Web.InMemory", "core\Dime.Caching.InMemory\Dime.Caching.Web.InMemory.csproj", "{68583F1A-862B-48A4-AA7F-1D7E8AD0D89A}"
EndProject
Project("{9A19103F-16F7-4668-BE54-9A1E7A4F7556}") = "Dime.Caching.NETCore", "core\Dime.Caching.NETCore\Dime.Caching.NETCore.csproj", "{CE516EEB-0976-4B1A-B0EC-C5771CE8E390}"
EndProject
Project("{D954291E-2A0B-460D-934E-DC6B0785DB48}") = "Dime.Caching.Shared", "core\Dime.Caching.Shared\Dime.Caching.Shared.shproj", "{783184E5-F496-4275-8E67-27B9F634C5E8}"
EndProject
Project("{9A19103F-16F7-4668-BE54-9A1E7A4F7556}") = "Dime.Caching.Web.InMemory.NETCore", "core\Dime.Caching.Web.InMemory.NETCore\Dime.Caching.Web.InMemory.NETCore.csproj", "{609E9B29-CF02-4547-9C1D-5D958BE810A1}"
EndProject
Global
	GlobalSection(SharedMSBuildProjectFiles) = preSolution
		core\Dime.Caching.Shared\Dime.Caching.Shared.projitems*{783184e5-f496-4275-8e67-27b9f634c5e8}*SharedItemsImports = 13
	EndGlobalSection
	GlobalSection(SolutionConfigurationPlatforms) = preSolution
		Debug|Any CPU = Debug|Any CPU
		NuGet|Any CPU = NuGet|Any CPU
		Release|Any CPU = Release|Any CPU
	EndGlobalSection
	GlobalSection(ProjectConfigurationPlatforms) = postSolution
		{E1C7C164-52CD-4794-B512-D98ACFD7941E}.Debug|Any CPU.ActiveCfg = Debug|Any CPU
		{E1C7C164-52CD-4794-B512-D98ACFD7941E}.Debug|Any CPU.Build.0 = Debug|Any CPU
		{E1C7C164-52CD-4794-B512-D98ACFD7941E}.NuGet|Any CPU.ActiveCfg = Debug|Any CPU
		{E1C7C164-52CD-4794-B512-D98ACFD7941E}.NuGet|Any CPU.Build.0 = Debug|Any CPU
		{E1C7C164-52CD-4794-B512-D98ACFD7941E}.Release|Any CPU.ActiveCfg = Release|Any CPU
		{E1C7C164-52CD-4794-B512-D98ACFD7941E}.Release|Any CPU.Build.0 = Release|Any CPU
		{68583F1A-862B-48A4-AA7F-1D7E8AD0D89A}.Debug|Any CPU.ActiveCfg = Debug|Any CPU
		{68583F1A-862B-48A4-AA7F-1D7E8AD0D89A}.Debug|Any CPU.Build.0 = Debug|Any CPU
		{68583F1A-862B-48A4-AA7F-1D7E8AD0D89A}.NuGet|Any CPU.ActiveCfg = NuGet|Any CPU
		{68583F1A-862B-48A4-AA7F-1D7E8AD0D89A}.NuGet|Any CPU.Build.0 = NuGet|Any CPU
		{68583F1A-862B-48A4-AA7F-1D7E8AD0D89A}.Release|Any CPU.ActiveCfg = Release|Any CPU
		{68583F1A-862B-48A4-AA7F-1D7E8AD0D89A}.Release|Any CPU.Build.0 = Release|Any CPU
		{CE516EEB-0976-4B1A-B0EC-C5771CE8E390}.Debug|Any CPU.ActiveCfg = Debug|Any CPU
		{CE516EEB-0976-4B1A-B0EC-C5771CE8E390}.Debug|Any CPU.Build.0 = Debug|Any CPU
		{CE516EEB-0976-4B1A-B0EC-C5771CE8E390}.NuGet|Any CPU.ActiveCfg = Debug|Any CPU
		{CE516EEB-0976-4B1A-B0EC-C5771CE8E390}.NuGet|Any CPU.Build.0 = Debug|Any CPU
		{CE516EEB-0976-4B1A-B0EC-C5771CE8E390}.Release|Any CPU.ActiveCfg = Release|Any CPU
		{CE516EEB-0976-4B1A-B0EC-C5771CE8E390}.Release|Any CPU.Build.0 = Release|Any CPU
		{609E9B29-CF02-4547-9C1D-5D958BE810A1}.Debug|Any CPU.ActiveCfg = Debug|Any CPU
		{609E9B29-CF02-4547-9C1D-5D958BE810A1}.Debug|Any CPU.Build.0 = Debug|Any CPU
		{609E9B29-CF02-4547-9C1D-5D958BE810A1}.NuGet|Any CPU.ActiveCfg = Debug|Any CPU
		{609E9B29-CF02-4547-9C1D-5D958BE810A1}.NuGet|Any CPU.Build.0 = Debug|Any CPU
		{609E9B29-CF02-4547-9C1D-5D958BE810A1}.Release|Any CPU.ActiveCfg = Release|Any CPU
		{609E9B29-CF02-4547-9C1D-5D958BE810A1}.Release|Any CPU.Build.0 = Release|Any CPU
	EndGlobalSection
	GlobalSection(SolutionProperties) = preSolution
		HideSolutionNode = FALSE
	EndGlobalSection
	GlobalSection(ExtensibilityGlobals) = postSolution
		SolutionGuid = {BBFF732A-AEFB-4861-9BB6-18E1D577498B}
	EndGlobalSection
EndGlobal
